// !$*UTF8*$!
{
	archiveVersion = 1;
	classes = {
	};
	objectVersion = 46;
	objects = {

/* Begin PBXBuildFile section */
		138D0DE01D406B5F00A31612 /* AppDelegate.swift in Sources */ = {isa = PBXBuildFile; fileRef = 138D0DDF1D406B5F00A31612 /* AppDelegate.swift */; };
		138D0DE21D406B5F00A31612 /* ViewController.swift in Sources */ = {isa = PBXBuildFile; fileRef = 138D0DE11D406B5F00A31612 /* ViewController.swift */; };
		138D0DE51D406B5F00A31612 /* Main.storyboard in Resources */ = {isa = PBXBuildFile; fileRef = 138D0DE31D406B5F00A31612 /* Main.storyboard */; };
		138D0DE81D406B5F00A31612 /* sample1.xcdatamodeld in Sources */ = {isa = PBXBuildFile; fileRef = 138D0DE61D406B5F00A31612 /* sample1.xcdatamodeld */; };
		138D0DEA1D406B5F00A31612 /* Assets.xcassets in Resources */ = {isa = PBXBuildFile; fileRef = 138D0DE91D406B5F00A31612 /* Assets.xcassets */; };
		138D0DED1D406B5F00A31612 /* LaunchScreen.storyboard in Resources */ = {isa = PBXBuildFile; fileRef = 138D0DEB1D406B5F00A31612 /* LaunchScreen.storyboard */; };
		138D0DF81D406B5F00A31612 /* sample1Tests.swift in Sources */ = {isa = PBXBuildFile; fileRef = 138D0DF71D406B5F00A31612 /* sample1Tests.swift */; };
/* End PBXBuildFile section */

/* Begin PBXContainerItemProxy section */
		138D0DF41D406B5F00A31612 /* PBXContainerItemProxy */ = {
			isa = PBXContainerItemProxy;
			containerPortal = 138D0DD41D406B5F00A31612 /* Project object */;
			proxyType = 1;
			remoteGlobalIDString = 138D0DDB1D406B5F00A31612;
			remoteInfo = sample1;
		};
/* End PBXContainerItemProxy section */

/* Begin PBXFileReference section */
		138D0DDC1D406B5F00A31612 /* sample1.app */ = {isa = PBXFileReference; explicitFileType = wrapper.application; includeInIndex = 0; path = sample1.app; sourceTree = BUILT_PRODUCTS_DIR; };
		138D0DDF1D406B5F00A31612 /* AppDelegate.swift */ = {isa = PBXFileReference; lastKnownFileType = sourcecode.swift; path = AppDelegate.swift; sourceTree = "<group>"; };
		138D0DE11D406B5F00A31612 /* ViewController.swift */ = {isa = PBXFileReference; lastKnownFileType = sourcecode.swift; path = ViewController.swift; sourceTree = "<group>"; };
		138D0DE41D406B5F00A31612 /* Base */ = {isa = PBXFileReference; lastKnownFileType = file.storyboard; name = Base; path = Base.lproj/Main.storyboard; sourceTree = "<group>"; };
		138D0DE71D406B5F00A31612 /* sample1.xcdatamodel */ = {isa = PBXFileReference; lastKnownFileType = wrapper.xcdatamodel; path = sample1.xcdatamodel; sourceTree = "<group>"; };
		138D0DE91D406B5F00A31612 /* Assets.xcassets */ = {isa = PBXFileReference; lastKnownFileType = folder.assetcatalog; path = Assets.xcassets; sourceTree = "<group>"; };
		138D0DEC1D406B5F00A31612 /* Base */ = {isa = PBXFileReference; lastKnownFileType = file.storyboard; name = Base; path = Base.lproj/LaunchScreen.storyboard; sourceTree = "<group>"; };
		138D0DEE1D406B5F00A31612 /* Info.plist */ = {isa = PBXFileReference; lastKnownFileType = text.plist.xml; path = Info.plist; sourceTree = "<group>"; };
		138D0DF31D406B5F00A31612 /* sample1Tests.xctest */ = {isa = PBXFileReference; explicitFileType = wrapper.cfbundle; includeInIndex = 0; path = sample1Tests.xctest; sourceTree = BUILT_PRODUCTS_DIR; };
		138D0DF71D406B5F00A31612 /* sample1Tests.swift */ = {isa = PBXFileReference; lastKnownFileType = sourcecode.swift; path = sample1Tests.swift; sourceTree = "<group>"; };
		138D0DF91D406B5F00A31612 /* Info.plist */ = {isa = PBXFileReference; lastKnownFileType = text.plist.xml; path = Info.plist; sourceTree = "<group>"; };
/* End PBXFileReference section */

/* Begin PBXFrameworksBuildPhase section */
		138D0DD91D406B5F00A31612 /* Frameworks */ = {
			isa = PBXFrameworksBuildPhase;
			buildActionMask = 2147483647;
			files = (
			);
			runOnlyForDeploymentPostprocessing = 0;
		};
		138D0DF01D406B5F00A31612 /* Frameworks */ = {
			isa = PBXFrameworksBuildPhase;
			buildActionMask = 2147483647;
			files = (
			);
			runOnlyForDeploymentPostprocessing = 0;
		};
/* End PBXFrameworksBuildPhase section */

/* Begin PBXGroup section */
		138D0DD31D406B5F00A31612 = {
			isa = PBXGroup;
			children = (
				138D0DDE1D406B5F00A31612 /* sample1 */,
				138D0DF61D406B5F00A31612 /* sample1Tests */,
				138D0DDD1D406B5F00A31612 /* Products */,
			);
			sourceTree = "<group>";
		};
		138D0DDD1D406B5F00A31612 /* Products */ = {
			isa = PBXGroup;
			children = (
				138D0DDC1D406B5F00A31612 /* sample1.app */,
				138D0DF31D406B5F00A31612 /* sample1Tests.xctest */,
			);
			name = Products;
			sourceTree = "<group>";
		};
		138D0DDE1D406B5F00A31612 /* sample1 */ = {
			isa = PBXGroup;
			children = (
				138D0DDF1D406B5F00A31612 /* AppDelegate.swift */,
				138D0DE11D406B5F00A31612 /* ViewController.swift */,
				138D0DE31D406B5F00A31612 /* Main.storyboard */,
				138D0DE91D406B5F00A31612 /* Assets.xcassets */,
				138D0DEB1D406B5F00A31612 /* LaunchScreen.storyboard */,
				138D0DEE1D406B5F00A31612 /* Info.plist */,
				138D0DE61D406B5F00A31612 /* sample1.xcdatamodeld */,
			);
			path = sample1;
			sourceTree = "<group>";
		};
		138D0DF61D406B5F00A31612 /* sample1Tests */ = {
			isa = PBXGroup;
			children = (
				138D0DF71D406B5F00A31612 /* sample1Tests.swift */,
				138D0DF91D406B5F00A31612 /* Info.plist */,
			);
			path = sample1Tests;
			sourceTree = "<group>";
		};
/* End PBXGroup section */

/* Begin PBXNativeTarget section */
		138D0DDB1D406B5F00A31612 /* sample1 */ = {
			isa = PBXNativeTarget;
			buildConfigurationList = 138D0DFC1D406B5F00A31612 /* Build configuration list for PBXNativeTarget "sample1" */;
			buildPhases = (
				138D0DD81D406B5F00A31612 /* Sources */,
				138D0DD91D406B5F00A31612 /* Frameworks */,
				138D0DDA1D406B5F00A31612 /* Resources */,
			);
			buildRules = (
			);
			dependencies = (
			);
			name = sample1;
			productName = sample1;
			productReference = 138D0DDC1D406B5F00A31612 /* sample1.app */;
			productType = "com.apple.product-type.application";
		};
		138D0DF21D406B5F00A31612 /* sample1Tests */ = {
			isa = PBXNativeTarget;
			buildConfigurationList = 138D0DFF1D406B5F00A31612 /* Build configuration list for PBXNativeTarget "sample1Tests" */;
			buildPhases = (
				138D0DEF1D406B5F00A31612 /* Sources */,
				138D0DF01D406B5F00A31612 /* Frameworks */,
				138D0DF11D406B5F00A31612 /* Resources */,
			);
			buildRules = (
			);
			dependencies = (
				138D0DF51D406B5F00A31612 /* PBXTargetDependency */,
			);
			name = sample1Tests;
			productName = sample1Tests;
			productReference = 138D0DF31D406B5F00A31612 /* sample1Tests.xctest */;
			productType = "com.apple.product-type.bundle.unit-test";
		};
/* End PBXNativeTarget section */

/* Begin PBXProject section */
		138D0DD41D406B5F00A31612 /* Project object */ = {
			isa = PBXProject;
			attributes = {
				LastSwiftUpdateCheck = 0730;
				LastUpgradeCheck = 0730;
				ORGANIZATIONNAME = yongkyun;
				TargetAttributes = {
					138D0DDB1D406B5F00A31612 = {
						CreatedOnToolsVersion = 7.3.1;
					};
					138D0DF21D406B5F00A31612 = {
						CreatedOnToolsVersion = 7.3.1;
						TestTargetID = 138D0DDB1D406B5F00A31612;
					};
				};
			};
			buildConfigurationList = 138D0DD71D406B5F00A31612 /* Build configuration list for PBXProject "sample1" */;
			compatibilityVersion = "Xcode 3.2";
			developmentRegion = English;
			hasScannedForEncodings = 0;
			knownRegions = (
				en,
				Base,
			);
			mainGroup = 138D0DD31D406B5F00A31612;
			productRefGroup = 138D0DDD1D406B5F00A31612 /* Products */;
			projectDirPath = "";
			projectRoot = "";
			targets = (
				138D0DDB1D406B5F00A31612 /* sample1 */,
				138D0DF21D406B5F00A31612 /* sample1Tests */,
			);
		};
/* End PBXProject section */

/* Begin PBXResourcesBuildPhase section */
		138D0DDA1D406B5F00A31612 /* Resources */ = {
			isa = PBXResourcesBuildPhase;
			buildActionMask = 2147483647;
			files = (
				138D0DED1D406B5F00A31612 /* LaunchScreen.storyboard in Resources */,
				138D0DEA1D406B5F00A31612 /* Assets.xcassets in Resources */,
				138D0DE51D406B5F00A31612 /* Main.storyboard in Resources */,
			);
			runOnlyForDeploymentPostprocessing = 0;
		};
		138D0DF11D406B5F00A31612 /* Resources */ = {
			isa = PBXResourcesBuildPhase;
			buildActionMask = 2147483647;
			files = (
			);
			runOnlyForDeploymentPostprocessing = 0;
		};
/* End PBXResourcesBuildPhase section */

/* Begin PBXSourcesBuildPhase section */
		138D0DD81D406B5F00A31612 /* Sources */ = {
			isa = PBXSourcesBuildPhase;
			buildActionMask = 2147483647;
			files = (
				138D0DE81D406B5F00A31612 /* sample1.xcdatamodeld in Sources */,
				138D0DE21D406B5F00A31612 /* ViewController.swift in Sources */,
				138D0DE01D406B5F00A31612 /* AppDelegate.swift in Sources */,
			);
			runOnlyForDeploymentPostprocessing = 0;
		};
		138D0DEF1D406B5F00A31612 /* Sources */ = {
			isa = PBXSourcesBuildPhase;
			buildActionMask = 2147483647;
			files = (
				138D0DF81D406B5F00A31612 /* sample1Tests.swift in Sources */,
			);
			runOnlyForDeploymentPostprocessing = 0;
		};
/* End PBXSourcesBuildPhase section */

/* Begin PBXTargetDependency section */
		138D0DF51D406B5F00A31612 /* PBXTargetDependency */ = {
			isa = PBXTargetDependency;
			target = 138D0DDB1D406B5F00A31612 /* sample1 */;
			targetProxy = 138D0DF41D406B5F00A31612 /* PBXContainerItemProxy */;
		};
/* End PBXTargetDependency section */

/* Begin PBXVariantGroup section */
		138D0DE31D406B5F00A31612 /* Main.storyboard */ = {
			isa = PBXVariantGroup;
			children = (
				138D0DE41D406B5F00A31612 /* Base */,
			);
			name = Main.storyboard;
			sourceTree = "<group>";
		};
		138D0DEB1D406B5F00A31612 /* LaunchScreen.storyboard */ = {
			isa = PBXVariantGroup;
			children = (
				138D0DEC1D406B5F00A31612 /* Base */,
			);
			name = LaunchScreen.storyboard;
			sourceTree = "<group>";
		};
/* End PBXVariantGroup section */

/* Begin XCBuildConfiguration section */
		138D0DFA1D406B5F00A31612 /* Debug */ = {
			isa = XCBuildConfiguration;
			buildSettings = {
				ALWAYS_SEARCH_USER_PATHS = NO;
				CLANG_ANALYZER_NONNULL = YES;
				CLANG_CXX_LANGUAGE_STANDARD = "gnu++0x";
				CLANG_CXX_LIBRARY = "libc++";
				CLANG_ENABLE_MODULES = YES;
				CLANG_ENABLE_OBJC_ARC = YES;
				CLANG_WARN_BOOL_CONVERSION = YES;
				CLANG_WARN_CONSTANT_CONVERSION = YES;
				CLANG_WARN_DIRECT_OBJC_ISA_USAGE = YES_ERROR;
				CLANG_WARN_EMPTY_BODY = YES;
				CLANG_WARN_ENUM_CONVERSION = YES;
				CLANG_WARN_INT_CONVERSION = YES;
				CLANG_WARN_OBJC_ROOT_CLASS = YES_ERROR;
				CLANG_WARN_UNREACHABLE_CODE = YES;
				CLANG_WARN__DUPLICATE_METHOD_MATCH = YES;
				"CODE_SIGN_IDENTITY[sdk=iphoneos*]" = "iPhone Developer";
				COPY_PHASE_STRIP = NO;
				DEBUG_INFORMATION_FORMAT = dwarf;
				ENABLE_STRICT_OBJC_MSGSEND = YES;
				ENABLE_TESTABILITY = YES;
				GCC_C_LANGUAGE_STANDARD = gnu99;
				GCC_DYNAMIC_NO_PIC = NO;
				GCC_NO_COMMON_BLOCKS = YES;
				GCC_OPTIMIZATION_LEVEL = 0;
				GCC_PREPROCESSOR_DEFINITIONS = (
					"DEBUG=1",
					"$(inherited)",
				);
				GCC_WARN_64_TO_32_BIT_CONVERSION = YES;
				GCC_WARN_ABOUT_RETURN_TYPE = YES_ERROR;
				GCC_WARN_UNDECLARED_SELECTOR = YES;
				GCC_WARN_UNINITIALIZED_AUTOS = YES_AGGRESSIVE;
				GCC_WARN_UNUSED_FUNCTION = YES;
				GCC_WARN_UNUSED_VARIABLE = YES;
				IPHONEOS_DEPLOYMENT_TARGET = 9.3;
				MTL_ENABLE_DEBUG_INFO = YES;
				ONLY_ACTIVE_ARCH = YES;
				SDKROOT = iphoneos;
				SWIFT_OPTIMIZATION_LEVEL = "-Onone";
			};
			name = Debug;
		};
		138D0DFB1D406B5F00A31612 /* Release */ = {
			isa = XCBuildConfiguration;
			buildSettings = {
				ALWAYS_SEARCH_USER_PATHS = NO;
				CLANG_ANALYZER_NONNULL = YES;
				CLANG_CXX_LANGUAGE_STANDARD = "gnu++0x";
				CLANG_CXX_LIBRARY = "libc++";
				CLANG_ENABLE_MODULES = YES;
				CLANG_ENABLE_OBJC_ARC = YES;
				CLANG_WARN_BOOL_CONVERSION = YES;
				CLANG_WARN_CONSTANT_CONVERSION = YES;
				CLANG_WARN_DIRECT_OBJC_ISA_USAGE = YES_ERROR;
				CLANG_WARN_EMPTY_BODY = YES;
				CLANG_WARN_ENUM_CONVERSION = YES;
				CLANG_WARN_INT_CONVERSION = YES;
				CLANG_WARN_OBJC_ROOT_CLASS = YES_ERROR;
				CLANG_WARN_UNREACHABLE_CODE = YES;
				CLANG_WARN__DUPLICATE_METHOD_MATCH = YES;
				"CODE_SIGN_IDENTITY[sdk=iphoneos*]" = "iPhone Developer";
				COPY_PHASE_STRIP = NO;
				DEBUG_INFORMATION_FORMAT = "dwarf-with-dsym";
				ENABLE_NS_ASSERTIONS = NO;
				ENABLE_STRICT_OBJC_MSGSEND = YES;
				GCC_C_LANGUAGE_STANDARD = gnu99;
				GCC_NO_COMMON_BLOCKS = YES;
				GCC_WARN_64_TO_32_BIT_CONVERSION = YES;
				GCC_WARN_ABOUT_RETURN_TYPE = YES_ERROR;
				GCC_WARN_UNDECLARED_SELECTOR = YES;
				GCC_WARN_UNINITIALIZED_AUTOS = YES_AGGRESSIVE;
				GCC_WARN_UNUSED_FUNCTION = YES;
				GCC_WARN_UNUSED_VARIABLE = YES;
				IPHONEOS_DEPLOYMENT_TARGET = 9.3;
				MTL_ENABLE_DEBUG_INFO = NO;
				SDKROOT = iphoneos;
				VALIDATE_PRODUCT = YES;
			};
			name = Release;
		};
		138D0DFD1D406B5F00A31612 /* Debug */ = {
			isa = XCBuildConfiguration;
			buildSettings = {
				ASSETCATALOG_COMPILER_APPICON_NAME = AppIcon;
				INFOPLIST_FILE = sample1/Info.plist;
				LD_RUNPATH_SEARCH_PATHS = "$(inherited) @executable_path/Frameworks";
				PRODUCT_BUNDLE_IDENTIFIER = bh.sample1;
				PRODUCT_NAME = "$(TARGET_NAME)";
			};
			name = Debug;
		};
		138D0DFE1D406B5F00A31612 /* Release */ = {
			isa = XCBuildConfiguration;
			buildSettings = {
				ASSETCATALOG_COMPILER_APPICON_NAME = AppIcon;
				INFOPLIST_FILE = sample1/Info.plist;
				LD_RUNPATH_SEARCH_PATHS = "$(inherited) @executable_path/Frameworks";
				PRODUCT_BUNDLE_IDENTIFIER = bh.sample1;
				PRODUCT_NAME = "$(TARGET_NAME)";
			};
			name = Release;
		};
		138D0E001D406B5F00A31612 /* Debug */ = {
			isa = XCBuildConfiguration;
			buildSettings = {
				BUNDLE_LOADER = "$(TEST_HOST)";
				INFOPLIST_FILE = sample1Tests/Info.plist;
				LD_RUNPATH_SEARCH_PATHS = "$(inherited) @executable_path/Frameworks @loader_path/Frameworks";
				PRODUCT_BUNDLE_IDENTIFIER = bh.sample1Tests;
				PRODUCT_NAME = "$(TARGET_NAME)";
				TEST_HOST = "$(BUILT_PRODUCTS_DIR)/sample1.app/sample1";
			};
			name = Debug;
		};
		138D0E011D406B5F00A31612 /* Release */ = {
			isa = XCBuildConfiguration;
			buildSettings = {
				BUNDLE_LOADER = "$(TEST_HOST)";
				INFOPLIST_FILE = sample1Tests/Info.plist;
				LD_RUNPATH_SEARCH_PATHS = "$(inherited) @executable_path/Frameworks @loader_path/Frameworks";
				PRODUCT_BUNDLE_IDENTIFIER = bh.sample1Tests;
				PRODUCT_NAME = "$(TARGET_NAME)";
				TEST_HOST = "$(BUILT_PRODUCTS_DIR)/sample1.app/sample1";
			};
			name = Release;
		};
/* End XCBuildConfiguration section */

/* Begin XCConfigurationList section */
		138D0DD71D406B5F00A31612 /* Build configuration list for PBXProject "sample1" */ = {
			isa = XCConfigurationList;
			buildConfigurations = (
				138D0DFA1D406B5F00A31612 /* Debug */,
				138D0DFB1D406B5F00A31612 /* Release */,
			);
			defaultConfigurationIsVisible = 0;
			defaultConfigurationName = Release;
		};
		138D0DFC1D406B5F00A31612 /* Build configuration list for PBXNativeTarget "sample1" */ = {
			isa = XCConfigurationList;
			buildConfigurations = (
				138D0DFD1D406B5F00A31612 /* Debug */,
				138D0DFE1D406B5F00A31612 /* Release */,
			);
			defaultConfigurationIsVisible = 0;
		};
		138D0DFF1D406B5F00A31612 /* Build configuration list for PBXNativeTarget "sample1Tests" */ = {
			isa = XCConfigurationList;
			buildConfigurations = (
				138D0E001D406B5F00A31612 /* Debug */,
				138D0E011D406B5F00A31612 /* Release */,
			);
			defaultConfigurationIsVisible = 0;
		};
/* End XCConfigurationList section */

/* Begin XCVersionGroup section */
		138D0DE61D406B5F00A31612 /* sample1.xcdatamodeld */ = {
			isa = XCVersionGroup;
			children = (
				138D0DE71D406B5F00A31612 /* sample1.xcdatamodel */,
			);
			currentVersion = 138D0DE71D406B5F00A31612 /* sample1.xcdatamodel */;
			path = sample1.xcdatamodeld;
			sourceTree = "<group>";
			versionGroupType = wrapper.xcdatamodel;
		};
/* End XCVersionGroup section */
	};
	rootObject = 138D0DD41D406B5F00A31612 /* Project object */;
}
